
Microsoft Visual Studio Solution File, Format Version 12.00
# Visual Studio Version 16
VisualStudioVersion = 16.0.30717.126
MinimumVisualStudioVersion = 10.0.40219.1
Project("{FAE04EC0-301F-11D3-BF4B-00C04F79EFBC}") = "UI", "src\api2\UI\UI.csproj", "{51B2B4EF-E9FE-4700-B8B8-6569D9B8BB22}"
EndProject
Project("{2150E333-8FDC-42A3-9474-1A3956D46DE8}") = "Scripts", "Scripts", "{937E5D49-13F7-4E72-8127-0A916CA9C894}"
	ProjectSection(SolutionItems) = preProject
		DatabaseInitial.sql = DatabaseInitial.sql
		DatabaseReads.sql = DatabaseReads.sql
	EndProjectSection
EndProject
Project("{2150E333-8FDC-42A3-9474-1A3956D46DE8}") = "api", "src\api", "{E386267B-50D1-4BA6-BFCC-1F46B688B7E6}"
EndProject
Project("{FAE04EC0-301F-11D3-BF4B-00C04F79EFBC}") = "WebApi", "src\api\WebApi\WebApi.csproj", "{92BCE459-36DC-4910-A394-BDE3941FE5AE}"
EndProject
Project("{2150E333-8FDC-42A3-9474-1A3956D46DE8}") = "common", "src\common", "{AC8A067E-5AAC-45FC-A91D-C443B4A5EF90}"
EndProject
Project("{FAE04EC0-301F-11D3-BF4B-00C04F79EFBC}") = "Extensions", "src\common\Extensions\Extensions.csproj", "{30B867B4-720B-49C7-8E30-E2D8DC844257}"
EndProject
Project("{2150E333-8FDC-42A3-9474-1A3956D46DE8}") = "domain", "src\domain", "{5EF8FEF2-260A-4B17-88DF-ACAEBE3AAE98}"
EndProject
Project("{FAE04EC0-301F-11D3-BF4B-00C04F79EFBC}") = "Logic", "src\domain\Logic\Logic.csproj", "{B75EED72-6A77-4214-A643-7461F13D110B}"
EndProject
Global
	GlobalSection(SolutionConfigurationPlatforms) = preSolution
		Debug|Any CPU = Debug|Any CPU
		Release|Any CPU = Release|Any CPU
	EndGlobalSection
	GlobalSection(ProjectConfigurationPlatforms) = postSolution
		{51B2B4EF-E9FE-4700-B8B8-6569D9B8BB22}.Debug|Any CPU.ActiveCfg = Debug|Any CPU
		{51B2B4EF-E9FE-4700-B8B8-6569D9B8BB22}.Debug|Any CPU.Build.0 = Debug|Any CPU
		{51B2B4EF-E9FE-4700-B8B8-6569D9B8BB22}.Release|Any CPU.ActiveCfg = Release|Any CPU
		{51B2B4EF-E9FE-4700-B8B8-6569D9B8BB22}.Release|Any CPU.Build.0 = Release|Any CPU
		{92BCE459-36DC-4910-A394-BDE3941FE5AE}.Debug|Any CPU.ActiveCfg = Debug|Any CPU
		{92BCE459-36DC-4910-A394-BDE3941FE5AE}.Debug|Any CPU.Build.0 = Debug|Any CPU
		{92BCE459-36DC-4910-A394-BDE3941FE5AE}.Release|Any CPU.ActiveCfg = Release|Any CPU
		{92BCE459-36DC-4910-A394-BDE3941FE5AE}.Release|Any CPU.Build.0 = Release|Any CPU
		{30B867B4-720B-49C7-8E30-E2D8DC844257}.Debug|Any CPU.ActiveCfg = Debug|Any CPU
		{30B867B4-720B-49C7-8E30-E2D8DC844257}.Debug|Any CPU.Build.0 = Debug|Any CPU
		{30B867B4-720B-49C7-8E30-E2D8DC844257}.Release|Any CPU.ActiveCfg = Release|Any CPU
		{30B867B4-720B-49C7-8E30-E2D8DC844257}.Release|Any CPU.Build.0 = Release|Any CPU
		{B75EED72-6A77-4214-A643-7461F13D110B}.Debug|Any CPU.ActiveCfg = Debug|Any CPU
		{B75EED72-6A77-4214-A643-7461F13D110B}.Debug|Any CPU.Build.0 = Debug|Any CPU
		{B75EED72-6A77-4214-A643-7461F13D110B}.Release|Any CPU.ActiveCfg = Release|Any CPU
		{B75EED72-6A77-4214-A643-7461F13D110B}.Release|Any CPU.Build.0 = Release|Any CPU
	EndGlobalSection
	GlobalSection(SolutionProperties) = preSolution
		HideSolutionNode = FALSE
	EndGlobalSection
	GlobalSection(NestedProjects) = preSolution
		{92BCE459-36DC-4910-A394-BDE3941FE5AE} = {E386267B-50D1-4BA6-BFCC-1F46B688B7E6}
		{30B867B4-720B-49C7-8E30-E2D8DC844257} = {AC8A067E-5AAC-45FC-A91D-C443B4A5EF90}
		{B75EED72-6A77-4214-A643-7461F13D110B} = {5EF8FEF2-260A-4B17-88DF-ACAEBE3AAE98}
	EndGlobalSection
	GlobalSection(ExtensibilityGlobals) = postSolution
		SolutionGuid = {962BBF67-1DB0-44C5-9F95-1D271A075B87}
	EndGlobalSection
EndGlobal
